
Microsoft Visual Studio Solution File, Format Version 12.00
# Visual Studio Version 17
VisualStudioVersion = 17.13.35919.96 d17.13
MinimumVisualStudioVersion = 10.0.40219.1
Project("{FAE04EC0-301F-11D3-BF4B-00C04F79EFBC}") = "DatabaseBenchmark", "DatabaseBenchmark\DatabaseBenchmark.csproj", "{F2297CF1-0204-4C79-AC63-4611F8368BDE}"
EndProject
Global
	GlobalSection(SolutionConfigurationPlatforms) = preSolution
		Debug|Any CPU = Debug|Any CPU
		Release|Any CPU = Release|Any CPU
	EndGlobalSection
	GlobalSection(ProjectConfigurationPlatforms) = postSolution
		{F2297CF1-0204-4C79-AC63-4611F8368BDE}.Debug|Any CPU.ActiveCfg = Debug|Any CPU
		{F2297CF1-0204-4C79-AC63-4611F8368BDE}.Debug|Any CPU.Build.0 = Debug|Any CPU
		{F2297CF1-0204-4C79-AC63-4611F8368BDE}.Release|Any CPU.ActiveCfg = Release|Any CPU
		{F2297CF1-0204-4C79-AC63-4611F8368BDE}.Release|Any CPU.Build.0 = Release|Any CPU
	EndGlobalSection
	GlobalSection(SolutionProperties) = preSolution
		HideSolutionNode = FALSE
	EndGlobalSection
	GlobalSection(ExtensibilityGlobals) = postSolution
		SolutionGuid = {9F5532E6-18EC-41C7-9A26-964AA30EE6C3}
	EndGlobalSection
EndGlobal
